dependencies:
  '@rush-temp/core': 'file:projects/core.tgz'
  '@rush-temp/test-lib': 'file:projects/test-lib.tgz'
lockfileVersion: 5.2
packages:
  'file:projects/core.tgz':
    dev: false
    name: '@rush-temp/core'
    resolution:
      integrity: sha512-X5o/o2dRisaCS6ZwtWPnhkkBCwz42hX5j4asik/57mC/h4yKM16WzIEeH0SS1dSTGGuTPjtqO+p72o5P0ynUqw==
      tarball: 'file:projects/core.tgz'
    version: 0.0.0
  'file:projects/test-lib.tgz':
    dev: false
    name: '@rush-temp/test-lib'
    resolution:
      integrity: sha512-esBqzifWi5ct5Hb3DrjJpi3ZuKOO/qrA9e+m1Nt1veghVxSGuRrADAtIkOzLMxtwh56b/dQo387nJR0lZXUjag==
      tarball: 'file:projects/test-lib.tgz'
    version: 0.0.0
registry: ''
specifiers:
  '@rush-temp/core': 'file:./projects/core.tgz'
  '@rush-temp/test-lib': 'file:./projects/test-lib.tgz'
